
Microsoft Visual Studio Solution File, Format Version 11.00
# Visual Studio 2010
Project("{FAE04EC0-301F-11D3-BF4B-00C04F79EFBC}") = "Hydra", "Hydra\Hydra.csproj", "{8ACAF88B-FCD7-4C1A-A6F8-A53EF4680635}"
EndProject
Project("{FAE04EC0-301F-11D3-BF4B-00C04F79EFBC}") = "Cerberus", "Cerberus\Cerberus.csproj", "{1B5FC684-257C-425D-9C4D-C5367CA5A2EC}"
EndProject
Project("{FAE04EC0-301F-11D3-BF4B-00C04F79EFBC}") = "CerbuinoBee", "CerbuinoBee\CerbuinoBee.csproj", "{E05FAD33-8FC3-42B2-82F1-B114038B52D5}"
EndProject
Global
	GlobalSection(SolutionConfigurationPlatforms) = preSolution
		Debug|Any CPU = Debug|Any CPU
		Release|Any CPU = Release|Any CPU
	EndGlobalSection
	GlobalSection(ProjectConfigurationPlatforms) = postSolution
		{8ACAF88B-FCD7-4C1A-A6F8-A53EF4680635}.Debug|Any CPU.ActiveCfg = Debug|Any CPU
		{8ACAF88B-FCD7-4C1A-A6F8-A53EF4680635}.Debug|Any CPU.Build.0 = Debug|Any CPU
		{8ACAF88B-FCD7-4C1A-A6F8-A53EF4680635}.Debug|Any CPU.Deploy.0 = Debug|Any CPU
		{8ACAF88B-FCD7-4C1A-A6F8-A53EF4680635}.Release|Any CPU.ActiveCfg = Release|Any CPU
		{8ACAF88B-FCD7-4C1A-A6F8-A53EF4680635}.Release|Any CPU.Build.0 = Release|Any CPU
		{8ACAF88B-FCD7-4C1A-A6F8-A53EF4680635}.Release|Any CPU.Deploy.0 = Release|Any CPU
		{1B5FC684-257C-425D-9C4D-C5367CA5A2EC}.Debug|Any CPU.ActiveCfg = Debug|Any CPU
		{1B5FC684-257C-425D-9C4D-C5367CA5A2EC}.Debug|Any CPU.Build.0 = Debug|Any CPU
		{1B5FC684-257C-425D-9C4D-C5367CA5A2EC}.Debug|Any CPU.Deploy.0 = Debug|Any CPU
		{1B5FC684-257C-425D-9C4D-C5367CA5A2EC}.Release|Any CPU.ActiveCfg = Release|Any CPU
		{1B5FC684-257C-425D-9C4D-C5367CA5A2EC}.Release|Any CPU.Build.0 = Release|Any CPU
		{1B5FC684-257C-425D-9C4D-C5367CA5A2EC}.Release|Any CPU.Deploy.0 = Release|Any CPU
		{E05FAD33-8FC3-42B2-82F1-B114038B52D5}.Debug|Any CPU.ActiveCfg = Debug|Any CPU
		{E05FAD33-8FC3-42B2-82F1-B114038B52D5}.Debug|Any CPU.Build.0 = Debug|Any CPU
		{E05FAD33-8FC3-42B2-82F1-B114038B52D5}.Debug|Any CPU.Deploy.0 = Debug|Any CPU
		{E05FAD33-8FC3-42B2-82F1-B114038B52D5}.Release|Any CPU.ActiveCfg = Release|Any CPU
		{E05FAD33-8FC3-42B2-82F1-B114038B52D5}.Release|Any CPU.Build.0 = Release|Any CPU
		{E05FAD33-8FC3-42B2-82F1-B114038B52D5}.Release|Any CPU.Deploy.0 = Release|Any CPU
	EndGlobalSection
	GlobalSection(SolutionProperties) = preSolution
		HideSolutionNode = FALSE
	EndGlobalSection
EndGlobal
