
Microsoft Visual Studio Solution File, Format Version 11.00
# Visual Studio 2010
Project("{FAE04EC0-301F-11D3-BF4B-00C04F79EFBC}") = "XBee", "XBee\XBee.csproj", "{7F280F44-4AE1-4917-83BC-36825E729EC2}"
EndProject
Project("{FAE04EC0-301F-11D3-BF4B-00C04F79EFBC}") = "XBee.Gadgeteer", "XBee.Gadgeteer\XBee.Gadgeteer.csproj", "{9E0199D1-8B75-4A82-9F03-3F1718C9E9C2}"
EndProject
Project("{FAE04EC0-301F-11D3-BF4B-00C04F79EFBC}") = "XBee.PC", "XBee.PC\XBee.PC.csproj", "{620FC049-E6BE-49ED-A9E9-C664A0850FE3}"
EndProject
Project("{FAE04EC0-301F-11D3-BF4B-00C04F79EFBC}") = "XBee.UnitTests", "XBee.UnitTests\XBee.UnitTests.csproj", "{9623552C-F672-4E93-A9B4-B59B6E7754AB}"
EndProject
Project("{2150E333-8FDC-42A3-9474-1A3956D46DE8}") = "Testers", "Testers", "{8D2F4FBB-7FA9-491E-A88B-776778E31036}"
EndProject
Project("{FAE04EC0-301F-11D3-BF4B-00C04F79EFBC}") = "Tester.NETMF", "Tester.NETMF\Tester.NETMF.csproj", "{77BF4BED-2C39-4E2F-981F-5EB4A1D47260}"
EndProject
Project("{FAE04EC0-301F-11D3-BF4B-00C04F79EFBC}") = "Tester.Gadgeteer", "Tester.Gadgeteer\Tester.Gadgeteer.csproj", "{96854CD4-0307-43F1-89A9-5070DC484557}"
EndProject
Project("{FAE04EC0-301F-11D3-BF4B-00C04F79EFBC}") = "Tester.PC", "Tester.PC\Tester.PC.csproj", "{46B94514-1A5E-417B-8E84-D542163B9233}"
EndProject
Global
	GlobalSection(SolutionConfigurationPlatforms) = preSolution
		Debug|Any CPU = Debug|Any CPU
		Release|Any CPU = Release|Any CPU
	EndGlobalSection
	GlobalSection(ProjectConfigurationPlatforms) = postSolution
		{9E0199D1-8B75-4A82-9F03-3F1718C9E9C2}.Debug|Any CPU.ActiveCfg = Debug|Any CPU
		{9E0199D1-8B75-4A82-9F03-3F1718C9E9C2}.Debug|Any CPU.Build.0 = Debug|Any CPU
		{9E0199D1-8B75-4A82-9F03-3F1718C9E9C2}.Release|Any CPU.ActiveCfg = Release|Any CPU
		{9E0199D1-8B75-4A82-9F03-3F1718C9E9C2}.Release|Any CPU.Build.0 = Release|Any CPU
		{77BF4BED-2C39-4E2F-981F-5EB4A1D47260}.Debug|Any CPU.ActiveCfg = Debug|Any CPU
		{77BF4BED-2C39-4E2F-981F-5EB4A1D47260}.Debug|Any CPU.Build.0 = Debug|Any CPU
		{77BF4BED-2C39-4E2F-981F-5EB4A1D47260}.Debug|Any CPU.Deploy.0 = Debug|Any CPU
		{77BF4BED-2C39-4E2F-981F-5EB4A1D47260}.Release|Any CPU.ActiveCfg = Release|Any CPU
		{77BF4BED-2C39-4E2F-981F-5EB4A1D47260}.Release|Any CPU.Build.0 = Release|Any CPU
		{77BF4BED-2C39-4E2F-981F-5EB4A1D47260}.Release|Any CPU.Deploy.0 = Release|Any CPU
		{96854CD4-0307-43F1-89A9-5070DC484557}.Debug|Any CPU.ActiveCfg = Debug|Any CPU
		{96854CD4-0307-43F1-89A9-5070DC484557}.Debug|Any CPU.Build.0 = Debug|Any CPU
		{96854CD4-0307-43F1-89A9-5070DC484557}.Debug|Any CPU.Deploy.0 = Debug|Any CPU
		{96854CD4-0307-43F1-89A9-5070DC484557}.Release|Any CPU.ActiveCfg = Release|Any CPU
		{96854CD4-0307-43F1-89A9-5070DC484557}.Release|Any CPU.Build.0 = Release|Any CPU
		{96854CD4-0307-43F1-89A9-5070DC484557}.Release|Any CPU.Deploy.0 = Release|Any CPU
		{7F280F44-4AE1-4917-83BC-36825E729EC2}.Debug|Any CPU.ActiveCfg = Debug|Any CPU
		{7F280F44-4AE1-4917-83BC-36825E729EC2}.Debug|Any CPU.Build.0 = Debug|Any CPU
		{7F280F44-4AE1-4917-83BC-36825E729EC2}.Release|Any CPU.ActiveCfg = Release|Any CPU
		{620FC049-E6BE-49ED-A9E9-C664A0850FE3}.Debug|Any CPU.ActiveCfg = Debug|Any CPU
		{620FC049-E6BE-49ED-A9E9-C664A0850FE3}.Debug|Any CPU.Build.0 = Debug|Any CPU
		{620FC049-E6BE-49ED-A9E9-C664A0850FE3}.Release|Any CPU.ActiveCfg = Release|Any CPU
		{620FC049-E6BE-49ED-A9E9-C664A0850FE3}.Release|Any CPU.Build.0 = Release|Any CPU
		{9623552C-F672-4E93-A9B4-B59B6E7754AB}.Debug|Any CPU.ActiveCfg = Debug|Any CPU
		{9623552C-F672-4E93-A9B4-B59B6E7754AB}.Debug|Any CPU.Build.0 = Debug|Any CPU
		{9623552C-F672-4E93-A9B4-B59B6E7754AB}.Release|Any CPU.ActiveCfg = Release|Any CPU
		{9623552C-F672-4E93-A9B4-B59B6E7754AB}.Release|Any CPU.Build.0 = Release|Any CPU
		{46B94514-1A5E-417B-8E84-D542163B9233}.Debug|Any CPU.ActiveCfg = Debug|Any CPU
		{46B94514-1A5E-417B-8E84-D542163B9233}.Debug|Any CPU.Build.0 = Debug|Any CPU
		{46B94514-1A5E-417B-8E84-D542163B9233}.Release|Any CPU.ActiveCfg = Release|Any CPU
		{46B94514-1A5E-417B-8E84-D542163B9233}.Release|Any CPU.Build.0 = Release|Any CPU
		{89AB090E-ED35-482D-A7B9-3AD69048251B}.Debug|Any CPU.ActiveCfg = Debug|Any CPU
		{89AB090E-ED35-482D-A7B9-3AD69048251B}.Debug|Any CPU.Build.0 = Debug|Any CPU
		{89AB090E-ED35-482D-A7B9-3AD69048251B}.Debug|Any CPU.Deploy.0 = Debug|Any CPU
		{89AB090E-ED35-482D-A7B9-3AD69048251B}.Release|Any CPU.ActiveCfg = Release|Any CPU
		{89AB090E-ED35-482D-A7B9-3AD69048251B}.Release|Any CPU.Build.0 = Release|Any CPU
		{89AB090E-ED35-482D-A7B9-3AD69048251B}.Release|Any CPU.Deploy.0 = Release|Any CPU
	EndGlobalSection
	GlobalSection(SolutionProperties) = preSolution
		HideSolutionNode = FALSE
	EndGlobalSection
	GlobalSection(NestedProjects) = preSolution
		{96854CD4-0307-43F1-89A9-5070DC484557} = {8D2F4FBB-7FA9-491E-A88B-776778E31036}
		{77BF4BED-2C39-4E2F-981F-5EB4A1D47260} = {8D2F4FBB-7FA9-491E-A88B-776778E31036}
		{46B94514-1A5E-417B-8E84-D542163B9233} = {8D2F4FBB-7FA9-491E-A88B-776778E31036}
		{89AB090E-ED35-482D-A7B9-3AD69048251B} = {8D2F4FBB-7FA9-491E-A88B-776778E31036}
	EndGlobalSection
EndGlobal
