
Microsoft Visual Studio Solution File, Format Version 11.00
# Visual Studio 2010
Project("{FAE04EC0-301F-11D3-BF4B-00C04F79EFBC}") = "XBee", "XBee\XBee.csproj", "{7F280F44-4AE1-4917-83BC-36825E729EC2}"
EndProject
Project("{FAE04EC0-301F-11D3-BF4B-00C04F79EFBC}") = "XBee.Gadgeteer", "XBee.Gadgeteer\XBee.Gadgeteer.csproj", "{9E0199D1-8B75-4A82-9F03-3F1718C9E9C2}"
EndProject
Project("{FAE04EC0-301F-11D3-BF4B-00C04F79EFBC}") = "XBee.PC", "XBee.PC\XBee.PC.csproj", "{620FC049-E6BE-49ED-A9E9-C664A0850FE3}"
EndProject
Project("{FAE04EC0-301F-11D3-BF4B-00C04F79EFBC}") = "XBee.UnitTests", "XBee.UnitTests\XBee.UnitTests.csproj", "{9623552C-F672-4E93-A9B4-B59B6E7754AB}"
EndProject
Global
	GlobalSection(SolutionConfigurationPlatforms) = preSolution
		Debug|Any CPU = Debug|Any CPU
		Release|Any CPU = Release|Any CPU
	EndGlobalSection
	GlobalSection(ProjectConfigurationPlatforms) = postSolution
		{7F280F44-4AE1-4917-83BC-36825E729EC2}.Debug|Any CPU.ActiveCfg = Debug|Any CPU
		{7F280F44-4AE1-4917-83BC-36825E729EC2}.Debug|Any CPU.Build.0 = Debug|Any CPU
		{7F280F44-4AE1-4917-83BC-36825E729EC2}.Release|Any CPU.ActiveCfg = Release|Any CPU
		{9E0199D1-8B75-4A82-9F03-3F1718C9E9C2}.Debug|Any CPU.ActiveCfg = Debug|Any CPU
		{9E0199D1-8B75-4A82-9F03-3F1718C9E9C2}.Debug|Any CPU.Build.0 = Debug|Any CPU
		{9E0199D1-8B75-4A82-9F03-3F1718C9E9C2}.Release|Any CPU.ActiveCfg = Release|Any CPU
		{9E0199D1-8B75-4A82-9F03-3F1718C9E9C2}.Release|Any CPU.Build.0 = Release|Any CPU
		{620FC049-E6BE-49ED-A9E9-C664A0850FE3}.Debug|Any CPU.ActiveCfg = Debug|Any CPU
		{620FC049-E6BE-49ED-A9E9-C664A0850FE3}.Debug|Any CPU.Build.0 = Debug|Any CPU
		{620FC049-E6BE-49ED-A9E9-C664A0850FE3}.Release|Any CPU.ActiveCfg = Release|Any CPU
		{620FC049-E6BE-49ED-A9E9-C664A0850FE3}.Release|Any CPU.Build.0 = Release|Any CPU
		{9623552C-F672-4E93-A9B4-B59B6E7754AB}.Debug|Any CPU.ActiveCfg = Debug|Any CPU
		{9623552C-F672-4E93-A9B4-B59B6E7754AB}.Debug|Any CPU.Build.0 = Debug|Any CPU
		{9623552C-F672-4E93-A9B4-B59B6E7754AB}.Release|Any CPU.ActiveCfg = Release|Any CPU
		{9623552C-F672-4E93-A9B4-B59B6E7754AB}.Release|Any CPU.Build.0 = Release|Any CPU
	EndGlobalSection
	GlobalSection(SolutionProperties) = preSolution
		HideSolutionNode = FALSE
	EndGlobalSection
EndGlobal
